
Microsoft Visual Studio Solution File, Format Version 12.00
# Visual Studio Version 17
VisualStudioVersion = 17.3.32929.385
MinimumVisualStudioVersion = 10.0.40219.1
Project("{FAE04EC0-301F-11D3-BF4B-00C04F79EFBC}") = "0H02031譜久嶺和沙kojinkadai01", "0H02031譜久嶺和沙kojinkadai01\0H02031譜久嶺和沙kojinkadai01.csproj", "{CFAC5B8D-4AE0-4F57-83D0-1DA22CBFB7FE}"
EndProject
Global
	GlobalSection(SolutionConfigurationPlatforms) = preSolution
		Debug|Any CPU = Debug|Any CPU
		Release|Any CPU = Release|Any CPU
	EndGlobalSection
	GlobalSection(ProjectConfigurationPlatforms) = postSolution
		{CFAC5B8D-4AE0-4F57-83D0-1DA22CBFB7FE}.Debug|Any CPU.ActiveCfg = Debug|Any CPU
		{CFAC5B8D-4AE0-4F57-83D0-1DA22CBFB7FE}.Debug|Any CPU.Build.0 = Debug|Any CPU
		{CFAC5B8D-4AE0-4F57-83D0-1DA22CBFB7FE}.Release|Any CPU.ActiveCfg = Release|Any CPU
		{CFAC5B8D-4AE0-4F57-83D0-1DA22CBFB7FE}.Release|Any CPU.Build.0 = Release|Any CPU
	EndGlobalSection
	GlobalSection(SolutionProperties) = preSolution
		HideSolutionNode = FALSE
	EndGlobalSection
	GlobalSection(ExtensibilityGlobals) = postSolution
		SolutionGuid = {90924494-0DAF-4945-9BCD-28E733DC8231}
	EndGlobalSection
EndGlobal
